<Solution>
  <Folder Name="/src/">
    <Project Path="src/ProjectManagement.API/ProjectManagement.API.csproj" />
    <Project Path="src/ProjectManagement.Application/ProjectManagement.Application.csproj" />
    <Project Path="src/ProjectManagement.Domain/ProjectManagement.Domain.csproj" />
    <Project Path="src/ProjectManagement.Infrastrcture/ProjectManagement.Infrastrcture.csproj" />
  </Folder>
</Solution>
